
Microsoft Visual Studio Solution File, Format Version 12.00
# Visual Studio Version 17
VisualStudioVersion = 17.0.32112.339
MinimumVisualStudioVersion = 10.0.40219.1
Project("{FAE04EC0-301F-11D3-BF4B-00C04F79EFBC}") = "HNReader", "HNReader\HNReader.csproj", "{7E976649-C018-496C-AA6E-FB316C60CFE7}"
EndProject
Global
	GlobalSection(SolutionConfigurationPlatforms) = preSolution
		Debug|Any CPU = Debug|Any CPU
		Release|Any CPU = Release|Any CPU
	EndGlobalSection
	GlobalSection(ProjectConfigurationPlatforms) = postSolution
		{7E976649-C018-496C-AA6E-FB316C60CFE7}.Debug|Any CPU.ActiveCfg = Debug|Any CPU
		{7E976649-C018-496C-AA6E-FB316C60CFE7}.Debug|Any CPU.Build.0 = Debug|Any CPU
		{7E976649-C018-496C-AA6E-FB316C60CFE7}.Release|Any CPU.ActiveCfg = Release|Any CPU
		{7E976649-C018-496C-AA6E-FB316C60CFE7}.Release|Any CPU.Build.0 = Release|Any CPU
	EndGlobalSection
	GlobalSection(SolutionProperties) = preSolution
		HideSolutionNode = FALSE
	EndGlobalSection
	GlobalSection(ExtensibilityGlobals) = postSolution
		SolutionGuid = {729A0B32-8522-402D-8387-CA9661A5B923}
	EndGlobalSection
EndGlobal
